
Microsoft Visual Studio Solution File, Format Version 12.00
# Visual Studio Version 17
VisualStudioVersion = 17.6.33723.286
MinimumVisualStudioVersion = 10.0.40219.1
Project("{FAE04EC0-301F-11D3-BF4B-00C04F79EFBC}") = "trabajoPractico-laboratorio-Serafini", "trabajoPractico-laboratorio-Serafini.csproj", "{C64532E9-48A7-4029-8B2B-A3C858A7B9F3}"
EndProject
Global
	GlobalSection(SolutionConfigurationPlatforms) = preSolution
		Debug|Any CPU = Debug|Any CPU
		Release|Any CPU = Release|Any CPU
	EndGlobalSection
	GlobalSection(ProjectConfigurationPlatforms) = postSolution
		{C64532E9-48A7-4029-8B2B-A3C858A7B9F3}.Debug|Any CPU.ActiveCfg = Debug|Any CPU
		{C64532E9-48A7-4029-8B2B-A3C858A7B9F3}.Debug|Any CPU.Build.0 = Debug|Any CPU
		{C64532E9-48A7-4029-8B2B-A3C858A7B9F3}.Release|Any CPU.ActiveCfg = Release|Any CPU
		{C64532E9-48A7-4029-8B2B-A3C858A7B9F3}.Release|Any CPU.Build.0 = Release|Any CPU
	EndGlobalSection
	GlobalSection(SolutionProperties) = preSolution
		HideSolutionNode = FALSE
	EndGlobalSection
	GlobalSection(ExtensibilityGlobals) = postSolution
		SolutionGuid = {90816515-39FC-48A3-B0B5-D6712DB7CB44}
	EndGlobalSection
EndGlobal
